
Microsoft Visual Studio Solution File, Format Version 12.00
# Visual Studio Version 17
VisualStudioVersion = 17.0.32112.339
MinimumVisualStudioVersion = 10.0.40219.1
Project("{9A19103F-16F7-4668-BE54-9A1E7A4F7556}") = "Porten_API", "Porten_API\Porten_API.csproj", "{39BB07C9-9711-45A2-8EC8-27E6F497A894}"
EndProject
Project("{2150E333-8FDC-42A3-9474-1A3956D46DE8}") = "Docker", "Docker", "{3198A78E-8047-4253-86E6-E1DA85F86EC8}"
	ProjectSection(SolutionItems) = preProject
		docker-compose.yml = docker-compose.yml
	EndProjectSection
EndProject
Global
	GlobalSection(SolutionConfigurationPlatforms) = preSolution
		Debug|Any CPU = Debug|Any CPU
		Release|Any CPU = Release|Any CPU
	EndGlobalSection
	GlobalSection(ProjectConfigurationPlatforms) = postSolution
		{39BB07C9-9711-45A2-8EC8-27E6F497A894}.Debug|Any CPU.ActiveCfg = Debug|Any CPU
		{39BB07C9-9711-45A2-8EC8-27E6F497A894}.Debug|Any CPU.Build.0 = Debug|Any CPU
		{39BB07C9-9711-45A2-8EC8-27E6F497A894}.Release|Any CPU.ActiveCfg = Release|Any CPU
		{39BB07C9-9711-45A2-8EC8-27E6F497A894}.Release|Any CPU.Build.0 = Release|Any CPU
	EndGlobalSection
	GlobalSection(SolutionProperties) = preSolution
		HideSolutionNode = FALSE
	EndGlobalSection
	GlobalSection(ExtensibilityGlobals) = postSolution
		SolutionGuid = {6B7CA972-0582-45D7-8FEE-63AF4B875255}
	EndGlobalSection
EndGlobal
